{
  "version": 4,
  "terraform_version": "0.15.4",
  "serial": 3,
  "lineage": "3dcd3337-e627-84d7-5681-37d72895dbae",
  "outputs": {
    "bigquery_dataset-austin-dataset_id": {
      "value": "austin",
      "type": "string"
    },
    "bigquery_table-311_service_requests-id": {
      "value": "projects/bigquery-public-data-dev/datasets/austin/tables/311_service_requests",
      "type": "string"
    },
    "bigquery_table-311_service_requests-table_id": {
      "value": "311_service_requests",
      "type": "string"
    },
    "impersonating-account": {
      "value": "datasets-pipelines-dev-tf@bigquery-public-data-dev.iam.gserviceaccount.com",
      "type": "string"
    }
  },
  "resources": [
    {
      "mode": "data",
      "type": "google_client_openid_userinfo",
      "name": "me",
      "provider": "provider[\"registry.terraform.io/hashicorp/google\"]",
      "instances": [
        {
          "schema_version": 0,
          "attributes": {
            "email": "datasets-pipelines-dev-tf@bigquery-public-data-dev.iam.gserviceaccount.com",
            "id": "datasets-pipelines-dev-tf@bigquery-public-data-dev.iam.gserviceaccount.com"
          },
          "sensitive_attributes": []
        }
      ]
    },
    {
      "mode": "managed",
      "type": "google_bigquery_dataset",
      "name": "austin",
      "provider": "provider[\"registry.terraform.io/hashicorp/google\"]",
      "instances": [
        {
          "schema_version": 0,
          "attributes": {
            "access": [
              {
                "domain": "",
                "group_by_email": "",
                "role": "OWNER",
                "special_group": "",
                "user_by_email": "datasets-pipelines-dev-tf@bigquery-public-data-dev.iam.gserviceaccount.com",
                "view": []
              },
              {
                "domain": "",
                "group_by_email": "",
                "role": "OWNER",
                "special_group": "projectOwners",
                "user_by_email": "",
                "view": []
              },
              {
                "domain": "",
                "group_by_email": "",
                "role": "READER",
                "special_group": "projectReaders",
                "user_by_email": "",
                "view": []
              },
              {
                "domain": "",
                "group_by_email": "",
                "role": "WRITER",
                "special_group": "projectWriters",
                "user_by_email": "",
                "view": []
              }
            ],
            "creation_time": 1629226416742,
            "dataset_id": "austin",
            "default_encryption_configuration": [],
            "default_partition_expiration_ms": 0,
            "default_table_expiration_ms": 0,
            "delete_contents_on_destroy": false,
            "description": "austin data pipelines",
            "etag": "RowMWmz7tJQLRO/dacSB2w==",
            "friendly_name": "",
            "id": "projects/bigquery-public-data-dev/datasets/austin",
            "labels": null,
            "last_modified_time": 1629226416742,
            "location": "US",
            "project": "bigquery-public-data-dev",
            "self_link": "https://bigquery.googleapis.com/bigquery/v2/projects/bigquery-public-data-dev/datasets/austin",
            "timeouts": null
          },
          "sensitive_attributes": [],
          "private": "eyJlMmJmYjczMC1lY2FhLTExZTYtOGY4OC0zNDM2M2JjN2M0YzAiOnsiY3JlYXRlIjoyNDAwMDAwMDAwMDAsImRlbGV0ZSI6MjQwMDAwMDAwMDAwLCJ1cGRhdGUiOjI0MDAwMDAwMDAwMH19"
        }
      ]
    },
    {
      "mode": "managed",
      "type": "google_bigquery_table",
      "name": "bqt_311_service_requests",
      "provider": "provider[\"registry.terraform.io/hashicorp/google\"]",
      "instances": [
        {
          "schema_version": 0,
          "attributes": {
            "clustering": null,
            "creation_time": 1629226417240,
            "dataset_id": "austin",
            "deletion_protection": true,
            "description": "austin 311 service requests",
            "encryption_configuration": [],
            "etag": "TeQlnlgtcsPq/nG3CAE35w==",
            "expiration_time": 0,
            "external_data_configuration": [],
            "friendly_name": "",
            "id": "projects/bigquery-public-data-dev/datasets/austin/tables/311_service_requests",
            "labels": null,
            "last_modified_time": 1629226417282,
            "location": "US",
            "materialized_view": [],
            "num_bytes": 0,
            "num_long_term_bytes": 0,
            "num_rows": 0,
            "project": "bigquery-public-data-dev",
            "range_partitioning": [],
            "schema": null,
            "self_link": "https://bigquery.googleapis.com/bigquery/v2/projects/bigquery-public-data-dev/datasets/austin/tables/311_service_requests",
            "table_id": "311_service_requests",
            "time_partitioning": [],
            "type": "TABLE",
            "view": []
          },
          "sensitive_attributes": [],
          "private": "bnVsbA==",
          "dependencies": [
            "google_bigquery_dataset.austin"
          ]
        }
      ]
    }
  ]
}
